
Microsoft Visual Studio Solution File, Format Version 12.00
# Visual Studio Version 17
VisualStudioVersion = 17.8.34330.188
MinimumVisualStudioVersion = 10.0.40219.1
Project("{FAE04EC0-301F-11D3-BF4B-00C04F79EFBC}") = "Mission11_Naumann", "Mission11_Naumann.csproj", "{666197B6-4E39-4545-9F56-6ED6DC2E9332}"
EndProject
Global
	GlobalSection(SolutionConfigurationPlatforms) = preSolution
		Debug|Any CPU = Debug|Any CPU
		Release|Any CPU = Release|Any CPU
	EndGlobalSection
	GlobalSection(ProjectConfigurationPlatforms) = postSolution
		{666197B6-4E39-4545-9F56-6ED6DC2E9332}.Debug|Any CPU.ActiveCfg = Debug|Any CPU
		{666197B6-4E39-4545-9F56-6ED6DC2E9332}.Debug|Any CPU.Build.0 = Debug|Any CPU
		{666197B6-4E39-4545-9F56-6ED6DC2E9332}.Release|Any CPU.ActiveCfg = Release|Any CPU
		{666197B6-4E39-4545-9F56-6ED6DC2E9332}.Release|Any CPU.Build.0 = Release|Any CPU
	EndGlobalSection
	GlobalSection(SolutionProperties) = preSolution
		HideSolutionNode = FALSE
	EndGlobalSection
	GlobalSection(ExtensibilityGlobals) = postSolution
		SolutionGuid = {B3FB9EB7-A932-4CF8-B858-8A718840DA62}
	EndGlobalSection
EndGlobal
